[
  {
    "I'll help you fix the Docker caching issues. Let me first examine the current Dockerfile and then create an optimized version.":"```dockerfile"
  },
  {
    "I'll help you fix the Docker caching issues. Let me first examine the current Dockerfile and then create an optimized version.":"# Fixed Dockerfile with proper layer caching"
  },
  {
    "I'll help you fix the Docker caching issues. Let me first examine the current Dockerfile and then create an optimized version.":"FROM node:16-alpine"
  },
  {
    "I'll help you fix the Docker caching issues. Let me first examine the current Dockerfile and then create an optimized version.":"# Set working directory"
  },
  {
    "I'll help you fix the Docker caching issues. Let me first examine the current Dockerfile and then create an optimized version.":"WORKDIR \/app"
  },
  {
    "I'll help you fix the Docker caching issues. Let me first examine the current Dockerfile and then create an optimized version.":"# Copy package files first (these change less frequently)"
  },
  {
    "I'll help you fix the Docker caching issues. Let me first examine the current Dockerfile and then create an optimized version.":"COPY package.json package-lock.json .\/"
  },
  {
    "I'll help you fix the Docker caching issues. Let me first examine the current Dockerfile and then create an optimized version.":"# Install dependencies (this layer will be cached unless package files change)"
  },
  {
    "I'll help you fix the Docker caching issues. Let me first examine the current Dockerfile and then create an optimized version.":"RUN npm ci --only=production"
  },
  {
    "I'll help you fix the Docker caching issues. Let me first examine the current Dockerfile and then create an optimized version.":"# Copy application source code (this changes more frequently)"
  },
  {
    "I'll help you fix the Docker caching issues. Let me first examine the current Dockerfile and then create an optimized version.":"COPY server.js .\/"
  },
  {
    "I'll help you fix the Docker caching issues. Let me first examine the current Dockerfile and then create an optimized version.":"COPY routes\/ .\/routes\/"
  },
  {
    "I'll help you fix the Docker caching issues. Let me first examine the current Dockerfile and then create an optimized version.":"COPY public\/ .\/public\/"
  },
  {
    "I'll help you fix the Docker caching issues. Let me first examine the current Dockerfile and then create an optimized version.":"# Expose the application port"
  },
  {
    "I'll help you fix the Docker caching issues. Let me first examine the current Dockerfile and then create an optimized version.":"EXPOSE 3000"
  },
  {
    "I'll help you fix the Docker caching issues. Let me first examine the current Dockerfile and then create an optimized version.":"# Start the application"
  },
  {
    "I'll help you fix the Docker caching issues. Let me first examine the current Dockerfile and then create an optimized version.":"```"
  },
  {
    "I'll help you fix the Docker caching issues. Let me first examine the current Dockerfile and then create an optimized version.":"The key improvements in this Dockerfile are:"
  },
  {
    "I'll help you fix the Docker caching issues. Let me first examine the current Dockerfile and then create an optimized version.":"1. **Package files copied first**: `package.json` and `package-lock.json` are copied before any application code"
  },
  {
    "I'll help you fix the Docker caching issues. Let me first examine the current Dockerfile and then create an optimized version.":"2. **Dependencies installed separately**: `npm ci` runs in its own layer after copying package files but before copying source code"
  },
  {
    "I'll help you fix the Docker caching issues. Let me first examine the current Dockerfile and then create an optimized version.":"This structure ensures that:"
  },
  {
    "I'll help you fix the Docker caching issues. Let me first examine the current Dockerfile and then create an optimized version.":"- The build process is optimized for the most common scenario (code changes without dependency changes)"
  }
]